# THIS IS AN AUTOGENERATED FILE. DO NOT EDIT THIS FILE DIRECTLY.
# yarn lockfile v1


moment@2.x:
  version "2.20.1"
  resolved "https://registry.yarnpkg.com/moment/-/moment-2.20.1.tgz#d6eb1a46cbcc14a2b2f9434112c1ff8907f313fd"

pikaday@1.4.0:
  version "1.4.0"
  resolved "https://registry.yarnpkg.com/pikaday/-/pikaday-1.4.0.tgz#dd96d4a3c5707289ef4dc7ddf3e0194d0c6ff2e2"
  optionalDependencies:
    moment "2.x"
